
Microsoft Visual Studio Solution File, Format Version 12.00
# Visual Studio Version 16
VisualStudioVersion = 16.0.29306.81
MinimumVisualStudioVersion = 10.0.40219.1
Project("{FAE04EC0-301F-11D3-BF4B-00C04F79EFBC}") = "LinguagensFormais", "LinguagensFormais\LinguagensFormais.csproj", "{53DA2BBC-225A-43A4-8421-79456095B937}"
EndProject
Global
	GlobalSection(SolutionConfigurationPlatforms) = preSolution
		Debug|Any CPU = Debug|Any CPU
		Release|Any CPU = Release|Any CPU
	EndGlobalSection
	GlobalSection(ProjectConfigurationPlatforms) = postSolution
		{53DA2BBC-225A-43A4-8421-79456095B937}.Debug|Any CPU.ActiveCfg = Debug|Any CPU
		{53DA2BBC-225A-43A4-8421-79456095B937}.Debug|Any CPU.Build.0 = Debug|Any CPU
		{53DA2BBC-225A-43A4-8421-79456095B937}.Release|Any CPU.ActiveCfg = Release|Any CPU
		{53DA2BBC-225A-43A4-8421-79456095B937}.Release|Any CPU.Build.0 = Release|Any CPU
	EndGlobalSection
	GlobalSection(SolutionProperties) = preSolution
		HideSolutionNode = FALSE
	EndGlobalSection
	GlobalSection(ExtensibilityGlobals) = postSolution
		SolutionGuid = {B22736F2-7C32-47D4-ACFA-4B7BB615C285}
	EndGlobalSection
EndGlobal
